
Microsoft Visual Studio Solution File, Format Version 12.00
# Visual Studio Version 16
VisualStudioVersion = 16.0.29123.88
MinimumVisualStudioVersion = 10.0.40219.1
Project("{9092AA53-FB77-4645-B42D-1CCCA6BD08BD}") = "TrafficServer", "TrafficServer\TrafficServer.njsproj", "{06B2C6F8-6886-4BD0-9036-7E74711E9F6E}"
EndProject
Global
	GlobalSection(SolutionConfigurationPlatforms) = preSolution
		Debug|Any CPU = Debug|Any CPU
		Release|Any CPU = Release|Any CPU
	EndGlobalSection
	GlobalSection(ProjectConfigurationPlatforms) = postSolution
		{06B2C6F8-6886-4BD0-9036-7E74711E9F6E}.Debug|Any CPU.ActiveCfg = Debug|Any CPU
		{06B2C6F8-6886-4BD0-9036-7E74711E9F6E}.Debug|Any CPU.Build.0 = Debug|Any CPU
		{06B2C6F8-6886-4BD0-9036-7E74711E9F6E}.Release|Any CPU.ActiveCfg = Release|Any CPU
		{06B2C6F8-6886-4BD0-9036-7E74711E9F6E}.Release|Any CPU.Build.0 = Release|Any CPU
	EndGlobalSection
	GlobalSection(SolutionProperties) = preSolution
		HideSolutionNode = FALSE
	EndGlobalSection
	GlobalSection(ExtensibilityGlobals) = postSolution
		SolutionGuid = {5F10D223-F9D6-4817-B183-5F0B6257AC4A}
	EndGlobalSection
EndGlobal
